{
  "name": "frontend",
  "version": "1.0.0",
  "lockfileVersion": 3,
  "requires": true,
  "description": "SME AI Chatbot Research Prototype - Frontend",
  "packages": {},
  "scripts": {
    "dev": "python3 -m http.server 3000 --directory .",
    "start": "python3 -m http.server 3000 --directory ."
  }
}
